
Microsoft Visual Studio Solution File, Format Version 12.00
# Visual Studio 2012
Project("{FAE04EC0-301F-11D3-BF4B-00C04F79EFBC}") = "DigitalCircuitPro", "DigitalCircuitPro\DigitalCircuitPro.csproj", "{C5E026F7-5407-4C0C-9D9E-F40EC30C36A0}"
EndProject
Global
	GlobalSection(SolutionConfigurationPlatforms) = preSolution
		Debug|Any CPU = Debug|Any CPU
		Release|Any CPU = Release|Any CPU
	EndGlobalSection
	GlobalSection(ProjectConfigurationPlatforms) = postSolution
		{C5E026F7-5407-4C0C-9D9E-F40EC30C36A0}.Debug|Any CPU.ActiveCfg = Debug|Any CPU
		{C5E026F7-5407-4C0C-9D9E-F40EC30C36A0}.Debug|Any CPU.Build.0 = Debug|Any CPU
		{C5E026F7-5407-4C0C-9D9E-F40EC30C36A0}.Release|Any CPU.ActiveCfg = Release|Any CPU
		{C5E026F7-5407-4C0C-9D9E-F40EC30C36A0}.Release|Any CPU.Build.0 = Release|Any CPU
	EndGlobalSection
	GlobalSection(SolutionProperties) = preSolution
		HideSolutionNode = FALSE
	EndGlobalSection
	GlobalSection(ExtensibilityGlobals) = postSolution
		VisualSVNWorkingCopyRoot = .
	EndGlobalSection
EndGlobal
